{
  "name": "@logseq/nbb-logseq",
  "version": "1.2.173-feat-db-v25",
  "lockfileVersion": 2,
  "requires": true,
  "packages": {
    "": {
      "name": "@logseq/nbb-logseq",
      "version": "1.2.173-feat-db-v25",
      "license": "MIT",
      "dependencies": {
        "import-meta-resolve": "^4.1.0"
      },
      "bin": {
        "nbb-logseq": "cli.js"
      },
      "engines": {
        "node": ">=22.17.0"
      }
    },
    "node_modules/import-meta-resolve": {
      "version": "4.1.0",
      "resolved": "https://registry.npmjs.org/import-meta-resolve/-/import-meta-resolve-4.1.0.tgz",
      "integrity": "sha512-I6fiaX09Xivtk+THaMfAwnA3MVA5Big1WHF1Dfx9hFuvNIWpXnorlkzhcQf6ehrqQiiZECRt1poOAkPmer3ruw==",
      "license": "MIT",
      "funding": {
        "type": "github",
        "url": "https://github.com/sponsors/wooorm"
      }
    }
  },
  "dependencies": {
    "import-meta-resolve": {
      "version": "4.1.0",
      "resolved": "https://registry.npmjs.org/import-meta-resolve/-/import-meta-resolve-4.1.0.tgz",
      "integrity": "sha512-I6fiaX09Xivtk+THaMfAwnA3MVA5Big1WHF1Dfx9hFuvNIWpXnorlkzhcQf6ehrqQiiZECRt1poOAkPmer3ruw=="
    }
  }
}
