{
  "name": "@logseq/nbb-logseq",
  "version": "0.7.135",
  "lockfileVersion": 2,
  "requires": true,
  "packages": {
    "": {
      "name": "@logseq/nbb-logseq",
      "version": "0.7.135",
      "license": "MIT",
      "dependencies": {
        "import-meta-resolve": "^2.1.0"
      },
      "bin": {
        "nbb-logseq": "cli.js"
      }
    },
    "node_modules/import-meta-resolve": {
      "version": "2.1.0",
      "license": "MIT",
      "funding": {
        "type": "github",
        "url": "https://github.com/sponsors/wooorm"
      }
    }
  },
  "dependencies": {
    "import-meta-resolve": {
      "version": "2.1.0"
    }
  }
}
